
Microsoft Visual Studio Solution File, Format Version 12.00
# Visual Studio Version 17
VisualStudioVersion = 17.14.36603.0
MinimumVisualStudioVersion = 10.0.40219.1
Project("{FAE04EC0-301F-11D3-BF4B-00C04F79EFBC}") = "services", "src\services.csproj", "{667319A5-2881-4094-9B6E-74F0ED0ACB6D}"
EndProject
Project("{FAE04EC0-301F-11D3-BF4B-00C04F79EFBC}") = "OpenAC.Net.NFSe.Nacional", "OpenAC.Net.NFSe.Nacional\OpenAC.Net.NFSe.Nacional.csproj", "{9FC42479-4A46-6CBA-71BF-601BC883F929}"
EndProject
Global
	GlobalSection(SolutionConfigurationPlatforms) = preSolution
		Debug|Any CPU = Debug|Any CPU
		Release|Any CPU = Release|Any CPU
	EndGlobalSection
	GlobalSection(ProjectConfigurationPlatforms) = postSolution
		{667319A5-2881-4094-9B6E-74F0ED0ACB6D}.Debug|Any CPU.ActiveCfg = Debug|Any CPU
		{667319A5-2881-4094-9B6E-74F0ED0ACB6D}.Debug|Any CPU.Build.0 = Debug|Any CPU
		{667319A5-2881-4094-9B6E-74F0ED0ACB6D}.Release|Any CPU.ActiveCfg = Release|Any CPU
		{667319A5-2881-4094-9B6E-74F0ED0ACB6D}.Release|Any CPU.Build.0 = Release|Any CPU
		{9FC42479-4A46-6CBA-71BF-601BC883F929}.Debug|Any CPU.ActiveCfg = Debug|Any CPU
		{9FC42479-4A46-6CBA-71BF-601BC883F929}.Debug|Any CPU.Build.0 = Debug|Any CPU
		{9FC42479-4A46-6CBA-71BF-601BC883F929}.Release|Any CPU.ActiveCfg = Release|Any CPU
		{9FC42479-4A46-6CBA-71BF-601BC883F929}.Release|Any CPU.Build.0 = Release|Any CPU
		{8BF53782-13D0-A4BA-C0E3-195B7EE94430}.Debug|Any CPU.ActiveCfg = Debug|Any CPU
		{8BF53782-13D0-A4BA-C0E3-195B7EE94430}.Debug|Any CPU.Build.0 = Debug|Any CPU
		{8BF53782-13D0-A4BA-C0E3-195B7EE94430}.Release|Any CPU.ActiveCfg = Release|Any CPU
		{8BF53782-13D0-A4BA-C0E3-195B7EE94430}.Release|Any CPU.Build.0 = Release|Any CPU
	EndGlobalSection
	GlobalSection(SolutionProperties) = preSolution
		HideSolutionNode = FALSE
	EndGlobalSection
	GlobalSection(ExtensibilityGlobals) = postSolution
		SolutionGuid = {65B3F149-42AD-4EBA-86CF-D0CAC8209ADF}
	EndGlobalSection
EndGlobal
